{
  "name": "telegram-newmessage",
  "version": "1.0.0",
  "lockfileVersion": 1,
  "requires": true,
  "dependencies": {
    "multipart-form": {
      "version": "1.0.0",
      "resolved": "https://registry.npmjs.org/multipart-form/-/multipart-form-1.0.0.tgz",
      "integrity": "sha512-OYFZXwnB6+7PHgH+KCkPFeW9E0NqesxG/S2/fPoBDxRwTcTHu6oKV3MoRNu+7zcmvaB2XkrczUqGnQRHBrIyww=="
    }
  }
}
